// !$*UTF8*$!
{
	archiveVersion = 1;
	classes = {
	};
	objectVersion = 46;
	objects = {

/* Begin PBXBuildFile section */
		C71EEE4A1B43EB17006359A7 /* Transactions.swift in Sources */ = {isa = PBXBuildFile; fileRef = C71EEE491B43EB17006359A7 /* Transactions.swift */; };
		C71EEE4F1B43F193006359A7 /* coffee.jpg in Resources */ = {isa = PBXBuildFile; fileRef = C71EEE4E1B43F193006359A7 /* coffee.jpg */; };
		C71EEE511B43F84B006359A7 /* employee_wVC.swift in Sources */ = {isa = PBXBuildFile; fileRef = C71EEE501B43F84B006359A7 /* employee_wVC.swift */; };
		C77C95C51B447D6E00BC3984 /* Main.storyboard in Resources */ = {isa = PBXBuildFile; fileRef = C77C95C41B447D6E00BC3984 /* Main.storyboard */; };
		C7BC20C61B44706E005FDA89 /* internVC.swift in Sources */ = {isa = PBXBuildFile; fileRef = C7BC20C51B44706E005FDA89 /* internVC.swift */; };
		C7D9B8031B4320BB007404BA /* AppDelegate.swift in Sources */ = {isa = PBXBuildFile; fileRef = C7D9B8021B4320BB007404BA /* AppDelegate.swift */; };
		C7D9B8051B4320BB007404BA /* ViewController.swift in Sources */ = {isa = PBXBuildFile; fileRef = C7D9B8041B4320BB007404BA /* ViewController.swift */; };
		C7D9B80A1B4320BB007404BA /* Images.xcassets in Resources */ = {isa = PBXBuildFile; fileRef = C7D9B8091B4320BB007404BA /* Images.xcassets */; };
		C7D9B80D1B4320BB007404BA /* LaunchScreen.xib in Resources */ = {isa = PBXBuildFile; fileRef = C7D9B80B1B4320BB007404BA /* LaunchScreen.xib */; };
		C7D9B8191B4320BB007404BA /* test1Tests.swift in Sources */ = {isa = PBXBuildFile; fileRef = C7D9B8181B4320BB007404BA /* test1Tests.swift */; };
		C7D9B8231B4332A5007404BA /* loginVC.swift in Sources */ = {isa = PBXBuildFile; fileRef = C7D9B8221B4332A5007404BA /* loginVC.swift */; };
		C7D9B8251B433409007404BA /* signupVC.swift in Sources */ = {isa = PBXBuildFile; fileRef = C7D9B8241B433409007404BA /* signupVC.swift */; };
		C7D9B83C1B43A4C0007404BA /* User.swift in Sources */ = {isa = PBXBuildFile; fileRef = C7D9B83B1B43A4C0007404BA /* User.swift */; };
		C7D9B8401B43A4E8007404BA /* Users.swift in Sources */ = {isa = PBXBuildFile; fileRef = C7D9B83F1B43A4E8007404BA /* Users.swift */; };
/* End PBXBuildFile section */

/* Begin PBXContainerItemProxy section */
		C7D9B8131B4320BB007404BA /* PBXContainerItemProxy */ = {
			isa = PBXContainerItemProxy;
			containerPortal = C7D9B7F51B4320BB007404BA /* Project object */;
			proxyType = 1;
			remoteGlobalIDString = C7D9B7FC1B4320BB007404BA;
			remoteInfo = test1;
		};
/* End PBXContainerItemProxy section */

/* Begin PBXFileReference section */
		C71EEE491B43EB17006359A7 /* Transactions.swift */ = {isa = PBXFileReference; fileEncoding = 4; lastKnownFileType = sourcecode.swift; path = Transactions.swift; sourceTree = "<group>"; };
		C71EEE4E1B43F193006359A7 /* coffee.jpg */ = {isa = PBXFileReference; lastKnownFileType = image.jpeg; path = coffee.jpg; sourceTree = "<group>"; };
		C71EEE501B43F84B006359A7 /* employee_wVC.swift */ = {isa = PBXFileReference; fileEncoding = 4; lastKnownFileType = sourcecode.swift; path = employee_wVC.swift; sourceTree = "<group>"; };
		C77C95C41B447D6E00BC3984 /* Main.storyboard */ = {isa = PBXFileReference; fileEncoding = 4; lastKnownFileType = file.storyboard; path = Main.storyboard; sourceTree = "<group>"; };
		C7BC20C51B44706E005FDA89 /* internVC.swift */ = {isa = PBXFileReference; fileEncoding = 4; lastKnownFileType = sourcecode.swift; path = internVC.swift; sourceTree = "<group>"; };
		C7D9B7FD1B4320BB007404BA /* test1.app */ = {isa = PBXFileReference; explicitFileType = wrapper.application; includeInIndex = 0; path = test1.app; sourceTree = BUILT_PRODUCTS_DIR; };
		C7D9B8011B4320BB007404BA /* Info.plist */ = {isa = PBXFileReference; lastKnownFileType = text.plist.xml; path = Info.plist; sourceTree = "<group>"; };
		C7D9B8021B4320BB007404BA /* AppDelegate.swift */ = {isa = PBXFileReference; lastKnownFileType = sourcecode.swift; path = AppDelegate.swift; sourceTree = "<group>"; };
		C7D9B8041B4320BB007404BA /* ViewController.swift */ = {isa = PBXFileReference; lastKnownFileType = sourcecode.swift; path = ViewController.swift; sourceTree = "<group>"; };
		C7D9B8091B4320BB007404BA /* Images.xcassets */ = {isa = PBXFileReference; lastKnownFileType = folder.assetcatalog; path = Images.xcassets; sourceTree = "<group>"; };
		C7D9B80C1B4320BB007404BA /* Base */ = {isa = PBXFileReference; lastKnownFileType = file.xib; name = Base; path = Base.lproj/LaunchScreen.xib; sourceTree = "<group>"; };
		C7D9B8121B4320BB007404BA /* test1Tests.xctest */ = {isa = PBXFileReference; explicitFileType = wrapper.cfbundle; includeInIndex = 0; path = test1Tests.xctest; sourceTree = BUILT_PRODUCTS_DIR; };
		C7D9B8171B4320BB007404BA /* Info.plist */ = {isa = PBXFileReference; lastKnownFileType = text.plist.xml; path = Info.plist; sourceTree = "<group>"; };
		C7D9B8181B4320BB007404BA /* test1Tests.swift */ = {isa = PBXFileReference; lastKnownFileType = sourcecode.swift; path = test1Tests.swift; sourceTree = "<group>"; };
		C7D9B8221B4332A5007404BA /* loginVC.swift */ = {isa = PBXFileReference; fileEncoding = 4; lastKnownFileType = sourcecode.swift; path = loginVC.swift; sourceTree = "<group>"; };
		C7D9B8241B433409007404BA /* signupVC.swift */ = {isa = PBXFileReference; fileEncoding = 4; lastKnownFileType = sourcecode.swift; path = signupVC.swift; sourceTree = "<group>"; };
		C7D9B83B1B43A4C0007404BA /* User.swift */ = {isa = PBXFileReference; fileEncoding = 4; lastKnownFileType = sourcecode.swift; path = User.swift; sourceTree = "<group>"; };
		C7D9B83F1B43A4E8007404BA /* Users.swift */ = {isa = PBXFileReference; fileEncoding = 4; lastKnownFileType = sourcecode.swift; path = Users.swift; sourceTree = "<group>"; };
		C7ED66851B43A6C700127BEB /* test1-Bridging-Header.h */ = {isa = PBXFileReference; lastKnownFileType = sourcecode.c.h; path = "test1-Bridging-Header.h"; sourceTree = "<group>"; };
/* End PBXFileReference section */

/* Begin PBXFrameworksBuildPhase section */
		C7D9B7FA1B4320BB007404BA /* Frameworks */ = {
			isa = PBXFrameworksBuildPhase;
			buildActionMask = 2147483647;
			files = (
			);
			runOnlyForDeploymentPostprocessing = 0;
		};
		C7D9B80F1B4320BB007404BA /* Frameworks */ = {
			isa = PBXFrameworksBuildPhase;
			buildActionMask = 2147483647;
			files = (
			);
			runOnlyForDeploymentPostprocessing = 0;
		};
/* End PBXFrameworksBuildPhase section */

/* Begin PBXGroup section */
		C71EEE4B1B43F13C006359A7 /* images */ = {
			isa = PBXGroup;
			children = (
				C71EEE4E1B43F193006359A7 /* coffee.jpg */,
			);
			name = images;
			sourceTree = "<group>";
		};
		C7D9B7F41B4320BB007404BA = {
			isa = PBXGroup;
			children = (
				C7D9B7FF1B4320BB007404BA /* test1 */,
				C7D9B8151B4320BB007404BA /* test1Tests */,
				C7D9B7FE1B4320BB007404BA /* Products */,
			);
			sourceTree = "<group>";
		};
		C7D9B7FE1B4320BB007404BA /* Products */ = {
			isa = PBXGroup;
			children = (
				C7D9B7FD1B4320BB007404BA /* test1.app */,
				C7D9B8121B4320BB007404BA /* test1Tests.xctest */,
			);
			name = Products;
			sourceTree = "<group>";
		};
		C7D9B7FF1B4320BB007404BA /* test1 */ = {
			isa = PBXGroup;
			children = (
				C7D9B8021B4320BB007404BA /* AppDelegate.swift */,
				C77C95C41B447D6E00BC3984 /* Main.storyboard */,
				C7D9B8041B4320BB007404BA /* ViewController.swift */,
				C71EEE501B43F84B006359A7 /* employee_wVC.swift */,
				C7D9B8221B4332A5007404BA /* loginVC.swift */,
				C7D9B8241B433409007404BA /* signupVC.swift */,
				C7BC20C51B44706E005FDA89 /* internVC.swift */,
				C7D9B8091B4320BB007404BA /* Images.xcassets */,
				C7D9B80B1B4320BB007404BA /* LaunchScreen.xib */,
				C7D9B8281B434A59007404BA /* Model */,
				C7D9B8001B4320BB007404BA /* Supporting Files */,
				C71EEE4B1B43F13C006359A7 /* images */,
			);
			path = test1;
			sourceTree = "<group>";
		};
		C7D9B8001B4320BB007404BA /* Supporting Files */ = {
			isa = PBXGroup;
			children = (
				C7D9B8011B4320BB007404BA /* Info.plist */,
			);
			name = "Supporting Files";
			sourceTree = "<group>";
		};
		C7D9B8151B4320BB007404BA /* test1Tests */ = {
			isa = PBXGroup;
			children = (
				C7D9B8261B4349FC007404BA /* New Group */,
				C7D9B8181B4320BB007404BA /* test1Tests.swift */,
				C7D9B8161B4320BB007404BA /* Supporting Files */,
			);
			path = test1Tests;
			sourceTree = "<group>";
		};
		C7D9B8161B4320BB007404BA /* Supporting Files */ = {
			isa = PBXGroup;
			children = (
				C7D9B8171B4320BB007404BA /* Info.plist */,
			);
			name = "Supporting Files";
			sourceTree = "<group>";
		};
		C7D9B8261B4349FC007404BA /* New Group */ = {
			isa = PBXGroup;
			children = (
			);
			name = "New Group";
			path = ../test1;
			sourceTree = "<group>";
		};
		C7D9B8281B434A59007404BA /* Model */ = {
			isa = PBXGroup;
			children = (
				C7ED66851B43A6C700127BEB /* test1-Bridging-Header.h */,
				C7D9B83B1B43A4C0007404BA /* User.swift */,
				C7D9B83F1B43A4E8007404BA /* Users.swift */,
				C71EEE491B43EB17006359A7 /* Transactions.swift */,
			);
			name = Model;
			sourceTree = "<group>";
		};
/* End PBXGroup section */

/* Begin PBXNativeTarget section */
		C7D9B7FC1B4320BB007404BA /* test1 */ = {
			isa = PBXNativeTarget;
			buildConfigurationList = C7D9B81C1B4320BB007404BA /* Build configuration list for PBXNativeTarget "test1" */;
			buildPhases = (
				C7D9B7F91B4320BB007404BA /* Sources */,
				C7D9B7FA1B4320BB007404BA /* Frameworks */,
				C7D9B7FB1B4320BB007404BA /* Resources */,
			);
			buildRules = (
			);
			dependencies = (
			);
			name = test1;
			productName = test1;
			productReference = C7D9B7FD1B4320BB007404BA /* test1.app */;
			productType = "com.apple.product-type.application";
		};
		C7D9B8111B4320BB007404BA /* test1Tests */ = {
			isa = PBXNativeTarget;
			buildConfigurationList = C7D9B81F1B4320BB007404BA /* Build configuration list for PBXNativeTarget "test1Tests" */;
			buildPhases = (
				C7D9B80E1B4320BB007404BA /* Sources */,
				C7D9B80F1B4320BB007404BA /* Frameworks */,
				C7D9B8101B4320BB007404BA /* Resources */,
			);
			buildRules = (
			);
			dependencies = (
				C7D9B8141B4320BB007404BA /* PBXTargetDependency */,
			);
			name = test1Tests;
			productName = test1Tests;
			productReference = C7D9B8121B4320BB007404BA /* test1Tests.xctest */;
			productType = "com.apple.product-type.bundle.unit-test";
		};
/* End PBXNativeTarget section */

/* Begin PBXProject section */
		C7D9B7F51B4320BB007404BA /* Project object */ = {
			isa = PBXProject;
			attributes = {
				LastUpgradeCheck = 0630;
				ORGANIZATIONNAME = "Kenneth Lee";
				TargetAttributes = {
					C7D9B7FC1B4320BB007404BA = {
						CreatedOnToolsVersion = 6.3.2;
					};
					C7D9B8111B4320BB007404BA = {
						CreatedOnToolsVersion = 6.3.2;
						TestTargetID = C7D9B7FC1B4320BB007404BA;
					};
				};
			};
			buildConfigurationList = C7D9B7F81B4320BB007404BA /* Build configuration list for PBXProject "test1" */;
			compatibilityVersion = "Xcode 3.2";
			developmentRegion = English;
			hasScannedForEncodings = 0;
			knownRegions = (
				en,
				Base,
			);
			mainGroup = C7D9B7F41B4320BB007404BA;
			productRefGroup = C7D9B7FE1B4320BB007404BA /* Products */;
			projectDirPath = "";
			projectRoot = "";
			targets = (
				C7D9B7FC1B4320BB007404BA /* test1 */,
				C7D9B8111B4320BB007404BA /* test1Tests */,
			);
		};
/* End PBXProject section */

/* Begin PBXResourcesBuildPhase section */
		C7D9B7FB1B4320BB007404BA /* Resources */ = {
			isa = PBXResourcesBuildPhase;
			buildActionMask = 2147483647;
			files = (
				C71EEE4F1B43F193006359A7 /* coffee.jpg in Resources */,
				C7D9B80D1B4320BB007404BA /* LaunchScreen.xib in Resources */,
				C7D9B80A1B4320BB007404BA /* Images.xcassets in Resources */,
				C77C95C51B447D6E00BC3984 /* Main.storyboard in Resources */,
			);
			runOnlyForDeploymentPostprocessing = 0;
		};
		C7D9B8101B4320BB007404BA /* Resources */ = {
			isa = PBXResourcesBuildPhase;
			buildActionMask = 2147483647;
			files = (
			);
			runOnlyForDeploymentPostprocessing = 0;
		};
/* End PBXResourcesBuildPhase section */

/* Begin PBXSourcesBuildPhase section */
		C7D9B7F91B4320BB007404BA /* Sources */ = {
			isa = PBXSourcesBuildPhase;
			buildActionMask = 2147483647;
			files = (
				C7D9B8251B433409007404BA /* signupVC.swift in Sources */,
				C7D9B8051B4320BB007404BA /* ViewController.swift in Sources */,
				C71EEE4A1B43EB17006359A7 /* Transactions.swift in Sources */,
				C7D9B8401B43A4E8007404BA /* Users.swift in Sources */,
				C71EEE511B43F84B006359A7 /* employee_wVC.swift in Sources */,
				C7D9B8231B4332A5007404BA /* loginVC.swift in Sources */,
				C7D9B83C1B43A4C0007404BA /* User.swift in Sources */,
				C7D9B8031B4320BB007404BA /* AppDelegate.swift in Sources */,
				C7BC20C61B44706E005FDA89 /* internVC.swift in Sources */,
			);
			runOnlyForDeploymentPostprocessing = 0;
		};
		C7D9B80E1B4320BB007404BA /* Sources */ = {
			isa = PBXSourcesBuildPhase;
			buildActionMask = 2147483647;
			files = (
				C7D9B8191B4320BB007404BA /* test1Tests.swift in Sources */,
			);
			runOnlyForDeploymentPostprocessing = 0;
		};
/* End PBXSourcesBuildPhase section */

/* Begin PBXTargetDependency section */
		C7D9B8141B4320BB007404BA /* PBXTargetDependency */ = {
			isa = PBXTargetDependency;
			target = C7D9B7FC1B4320BB007404BA /* test1 */;
			targetProxy = C7D9B8131B4320BB007404BA /* PBXContainerItemProxy */;
		};
/* End PBXTargetDependency section */

/* Begin PBXVariantGroup section */
		C7D9B80B1B4320BB007404BA /* LaunchScreen.xib */ = {
			isa = PBXVariantGroup;
			children = (
				C7D9B80C1B4320BB007404BA /* Base */,
			);
			name = LaunchScreen.xib;
			sourceTree = "<group>";
		};
/* End PBXVariantGroup section */

/* Begin XCBuildConfiguration section */
		C7D9B81A1B4320BB007404BA /* Debug */ = {
			isa = XCBuildConfiguration;
			buildSettings = {
				ALWAYS_SEARCH_USER_PATHS = NO;
				CLANG_CXX_LANGUAGE_STANDARD = "gnu++0x";
				CLANG_CXX_LIBRARY = "libc++";
				CLANG_ENABLE_MODULES = YES;
				CLANG_ENABLE_OBJC_ARC = YES;
				CLANG_WARN_BOOL_CONVERSION = YES;
				CLANG_WARN_CONSTANT_CONVERSION = YES;
				CLANG_WARN_DIRECT_OBJC_ISA_USAGE = YES_ERROR;
				CLANG_WARN_EMPTY_BODY = YES;
				CLANG_WARN_ENUM_CONVERSION = YES;
				CLANG_WARN_INT_CONVERSION = YES;
				CLANG_WARN_OBJC_ROOT_CLASS = YES_ERROR;
				CLANG_WARN_UNREACHABLE_CODE = YES;
				CLANG_WARN__DUPLICATE_METHOD_MATCH = YES;
				"CODE_SIGN_IDENTITY[sdk=iphoneos*]" = "iPhone Developer";
				COPY_PHASE_STRIP = NO;
				DEBUG_INFORMATION_FORMAT = "dwarf-with-dsym";
				ENABLE_STRICT_OBJC_MSGSEND = YES;
				GCC_C_LANGUAGE_STANDARD = gnu99;
				GCC_DYNAMIC_NO_PIC = NO;
				GCC_NO_COMMON_BLOCKS = YES;
				GCC_OPTIMIZATION_LEVEL = 0;
				GCC_PREPROCESSOR_DEFINITIONS = (
					"DEBUG=1",
					"$(inherited)",
				);
				GCC_SYMBOLS_PRIVATE_EXTERN = NO;
				GCC_WARN_64_TO_32_BIT_CONVERSION = YES;
				GCC_WARN_ABOUT_RETURN_TYPE = YES_ERROR;
				GCC_WARN_UNDECLARED_SELECTOR = YES;
				GCC_WARN_UNINITIALIZED_AUTOS = YES_AGGRESSIVE;
				GCC_WARN_UNUSED_FUNCTION = YES;
				GCC_WARN_UNUSED_VARIABLE = YES;
				IPHONEOS_DEPLOYMENT_TARGET = 8.3;
				MTL_ENABLE_DEBUG_INFO = YES;
				ONLY_ACTIVE_ARCH = YES;
				SDKROOT = iphoneos;
				SWIFT_OPTIMIZATION_LEVEL = "-Onone";
			};
			name = Debug;
		};
		C7D9B81B1B4320BB007404BA /* Release */ = {
			isa = XCBuildConfiguration;
			buildSettings = {
				ALWAYS_SEARCH_USER_PATHS = NO;
				CLANG_CXX_LANGUAGE_STANDARD = "gnu++0x";
				CLANG_CXX_LIBRARY = "libc++";
				CLANG_ENABLE_MODULES = YES;
				CLANG_ENABLE_OBJC_ARC = YES;
				CLANG_WARN_BOOL_CONVERSION = YES;
				CLANG_WARN_CONSTANT_CONVERSION = YES;
				CLANG_WARN_DIRECT_OBJC_ISA_USAGE = YES_ERROR;
				CLANG_WARN_EMPTY_BODY = YES;
				CLANG_WARN_ENUM_CONVERSION = YES;
				CLANG_WARN_INT_CONVERSION = YES;
				CLANG_WARN_OBJC_ROOT_CLASS = YES_ERROR;
				CLANG_WARN_UNREACHABLE_CODE = YES;
				CLANG_WARN__DUPLICATE_METHOD_MATCH = YES;
				"CODE_SIGN_IDENTITY[sdk=iphoneos*]" = "iPhone Developer";
				COPY_PHASE_STRIP = NO;
				DEBUG_INFORMATION_FORMAT = "dwarf-with-dsym";
				ENABLE_NS_ASSERTIONS = NO;
				ENABLE_STRICT_OBJC_MSGSEND = YES;
				GCC_C_LANGUAGE_STANDARD = gnu99;
				GCC_NO_COMMON_BLOCKS = YES;
				GCC_WARN_64_TO_32_BIT_CONVERSION = YES;
				GCC_WARN_ABOUT_RETURN_TYPE = YES_ERROR;
				GCC_WARN_UNDECLARED_SELECTOR = YES;
				GCC_WARN_UNINITIALIZED_AUTOS = YES_AGGRESSIVE;
				GCC_WARN_UNUSED_FUNCTION = YES;
				GCC_WARN_UNUSED_VARIABLE = YES;
				IPHONEOS_DEPLOYMENT_TARGET = 8.3;
				MTL_ENABLE_DEBUG_INFO = NO;
				SDKROOT = iphoneos;
				VALIDATE_PRODUCT = YES;
			};
			name = Release;
		};
		C7D9B81D1B4320BB007404BA /* Debug */ = {
			isa = XCBuildConfiguration;
			buildSettings = {
				ASSETCATALOG_COMPILER_APPICON_NAME = AppIcon;
				CLANG_ENABLE_MODULES = YES;
				INFOPLIST_FILE = test1/Info.plist;
				LD_RUNPATH_SEARCH_PATHS = "$(inherited) @executable_path/Frameworks";
				PRODUCT_NAME = "$(TARGET_NAME)";
				SWIFT_OBJC_BRIDGING_HEADER = "test1/test1-Bridging-Header.h";
				SWIFT_OPTIMIZATION_LEVEL = "-Onone";
			};
			name = Debug;
		};
		C7D9B81E1B4320BB007404BA /* Release */ = {
			isa = XCBuildConfiguration;
			buildSettings = {
				ASSETCATALOG_COMPILER_APPICON_NAME = AppIcon;
				CLANG_ENABLE_MODULES = YES;
				INFOPLIST_FILE = test1/Info.plist;
				LD_RUNPATH_SEARCH_PATHS = "$(inherited) @executable_path/Frameworks";
				PRODUCT_NAME = "$(TARGET_NAME)";
				SWIFT_OBJC_BRIDGING_HEADER = "test1/test1-Bridging-Header.h";
			};
			name = Release;
		};
		C7D9B8201B4320BB007404BA /* Debug */ = {
			isa = XCBuildConfiguration;
			buildSettings = {
				BUNDLE_LOADER = "$(TEST_HOST)";
				FRAMEWORK_SEARCH_PATHS = (
					"$(SDKROOT)/Developer/Library/Frameworks",
					"$(inherited)",
				);
				GCC_PREPROCESSOR_DEFINITIONS = (
					"DEBUG=1",
					"$(inherited)",
				);
				INFOPLIST_FILE = test1Tests/Info.plist;
				LD_RUNPATH_SEARCH_PATHS = "$(inherited) @executable_path/Frameworks @loader_path/Frameworks";
				PRODUCT_NAME = "$(TARGET_NAME)";
				TEST_HOST = "$(BUILT_PRODUCTS_DIR)/test1.app/test1";
			};
			name = Debug;
		};
		C7D9B8211B4320BB007404BA /* Release */ = {
			isa = XCBuildConfiguration;
			buildSettings = {
				BUNDLE_LOADER = "$(TEST_HOST)";
				FRAMEWORK_SEARCH_PATHS = (
					"$(SDKROOT)/Developer/Library/Frameworks",
					"$(inherited)",
				);
				INFOPLIST_FILE = test1Tests/Info.plist;
				LD_RUNPATH_SEARCH_PATHS = "$(inherited) @executable_path/Frameworks @loader_path/Frameworks";
				PRODUCT_NAME = "$(TARGET_NAME)";
				TEST_HOST = "$(BUILT_PRODUCTS_DIR)/test1.app/test1";
			};
			name = Release;
		};
/* End XCBuildConfiguration section */

/* Begin XCConfigurationList section */
		C7D9B7F81B4320BB007404BA /* Build configuration list for PBXProject "test1" */ = {
			isa = XCConfigurationList;
			buildConfigurations = (
				C7D9B81A1B4320BB007404BA /* Debug */,
				C7D9B81B1B4320BB007404BA /* Release */,
			);
			defaultConfigurationIsVisible = 0;
			defaultConfigurationName = Release;
		};
		C7D9B81C1B4320BB007404BA /* Build configuration list for PBXNativeTarget "test1" */ = {
			isa = XCConfigurationList;
			buildConfigurations = (
				C7D9B81D1B4320BB007404BA /* Debug */,
				C7D9B81E1B4320BB007404BA /* Release */,
			);
			defaultConfigurationIsVisible = 0;
			defaultConfigurationName = Release;
		};
		C7D9B81F1B4320BB007404BA /* Build configuration list for PBXNativeTarget "test1Tests" */ = {
			isa = XCConfigurationList;
			buildConfigurations = (
				C7D9B8201B4320BB007404BA /* Debug */,
				C7D9B8211B4320BB007404BA /* Release */,
			);
			defaultConfigurationIsVisible = 0;
			defaultConfigurationName = Release;
		};
/* End XCConfigurationList section */
	};
	rootObject = C7D9B7F51B4320BB007404BA /* Project object */;
}
